// !$*UTF8*$!
{
	archiveVersion = 1;
	classes = {
	};
	objectVersion = 46;
	objects = {

/* Begin PBXBuildFile section */
		1D60589F0D05DD5A006BFB54 /* Foundation.framework in Frameworks */ = {isa = PBXBuildFile; fileRef = 1D30AB110D05D00D00671497 /* Foundation.framework */; };
		1DF5F4E00D08C38300B7A737 /* UIKit.framework in Frameworks */ = {isa = PBXBuildFile; fileRef = 1DF5F4DF0D08C38300B7A737 /* UIKit.framework */; };
		288765FD0DF74451002DB57D /* CoreGraphics.framework in Frameworks */ = {isa = PBXBuildFile; fileRef = 288765FC0DF74451002DB57D /* CoreGraphics.framework */; };
		5326AEA810A23A0500278DE6 /* CoreLocation.framework in Frameworks */ = {isa = PBXBuildFile; fileRef = 5326AEA710A23A0500278DE6 /* CoreLocation.framework */; };
		53F323EB10A20EDB00E0DAE4 /* OpenAL.framework in Frameworks */ = {isa = PBXBuildFile; fileRef = 53F323EA10A20EDB00E0DAE4 /* OpenAL.framework */; };
		BB16EBD20F2B2A9500518274 /* OpenGLES.framework in Frameworks */ = {isa = PBXBuildFile; fileRef = BB16EBD10F2B2A9500518274 /* OpenGLES.framework */; };
		BB16EBD90F2B2AB500518274 /* QuartzCore.framework in Frameworks */ = {isa = PBXBuildFile; fileRef = BB16EBD80F2B2AB500518274 /* QuartzCore.framework */; };
		BBE5EAB80F49AD8400F28951 /* AudioToolbox.framework in Frameworks */ = {isa = PBXBuildFile; fileRef = BBE5EAB70F49AD8400F28951 /* AudioToolbox.framework */; };
		C32F90581666776900D1B9D8 /* ofxEasyCubeSAT.cpp in Sources */ = {isa = PBXBuildFile; fileRef = C32F902B1666776900D1B9D8 /* ofxEasyCubeSAT.cpp */; };
		C32F90591666776900D1B9D8 /* ofxICCPhysicalSAT.cpp in Sources */ = {isa = PBXBuildFile; fileRef = C32F902D1666776900D1B9D8 /* ofxICCPhysicalSAT.cpp */; };
		C32F905A1666776900D1B9D8 /* ofxInvaderSAT.cpp in Sources */ = {isa = PBXBuildFile; fileRef = C32F902F1666776900D1B9D8 /* ofxInvaderSAT.cpp */; };
		C32F905B1666776900D1B9D8 /* ofxSAT.cpp in Sources */ = {isa = PBXBuildFile; fileRef = C32F90311666776900D1B9D8 /* ofxSAT.cpp */; };
		C32F905C1666776900D1B9D8 /* ofxSATError.cpp in Sources */ = {isa = PBXBuildFile; fileRef = C32F90331666776900D1B9D8 /* ofxSATError.cpp */; };
		C32F905D1666776900D1B9D8 /* ofxSATLocalDB.cpp in Sources */ = {isa = PBXBuildFile; fileRef = C32F90351666776900D1B9D8 /* ofxSATLocalDB.cpp */; };
		C32F905E1666776900D1B9D8 /* ofxSATRemoteDB.cpp in Sources */ = {isa = PBXBuildFile; fileRef = C32F90371666776900D1B9D8 /* ofxSATRemoteDB.cpp */; };
		C32F905F1666776900D1B9D8 /* ofxSATTemplate.cpp in Sources */ = {isa = PBXBuildFile; fileRef = C32F90391666776900D1B9D8 /* ofxSATTemplate.cpp */; };
		C32F90601666776900D1B9D8 /* ofxSATTime.cpp in Sources */ = {isa = PBXBuildFile; fileRef = C32F903B1666776900D1B9D8 /* ofxSATTime.cpp */; };
		C32F90611666776900D1B9D8 /* ofxSATTimeDiff.cpp in Sources */ = {isa = PBXBuildFile; fileRef = C32F903D1666776900D1B9D8 /* ofxSATTimeDiff.cpp */; };
		C3C49F8B1585F86800D4D53B /* sgp4sdp4.c in Sources */ = {isa = PBXBuildFile; fileRef = C3C49F7E1585F86800D4D53B /* sgp4sdp4.c */; };
		C3C49F8C1585F86800D4D53B /* sgp_in.c in Sources */ = {isa = PBXBuildFile; fileRef = C3C49F801585F86800D4D53B /* sgp_in.c */; };
		C3C49F8D1585F86800D4D53B /* sgp_math.c in Sources */ = {isa = PBXBuildFile; fileRef = C3C49F811585F86800D4D53B /* sgp_math.c */; };
		C3C49F8E1585F86800D4D53B /* sgp_obs.c in Sources */ = {isa = PBXBuildFile; fileRef = C3C49F821585F86800D4D53B /* sgp_obs.c */; };
		C3C49F8F1585F86800D4D53B /* sgp_time.c in Sources */ = {isa = PBXBuildFile; fileRef = C3C49F831585F86800D4D53B /* sgp_time.c */; };
		C3C49F901585F86800D4D53B /* solar.c in Sources */ = {isa = PBXBuildFile; fileRef = C3C49F841585F86800D4D53B /* solar.c */; };
		C3C49F931585F87900D4D53B /* ofxSgp.cpp in Sources */ = {isa = PBXBuildFile; fileRef = C3C49F911585F87900D4D53B /* ofxSgp.cpp */; };
		C3C49F9D1585F89000D4D53B /* tinyxml.cpp in Sources */ = {isa = PBXBuildFile; fileRef = C3C49F961585F89000D4D53B /* tinyxml.cpp */; };
		C3C49F9E1585F89000D4D53B /* tinyxmlerror.cpp in Sources */ = {isa = PBXBuildFile; fileRef = C3C49F981585F89000D4D53B /* tinyxmlerror.cpp */; };
		C3C49F9F1585F89000D4D53B /* tinyxmlparser.cpp in Sources */ = {isa = PBXBuildFile; fileRef = C3C49F991585F89000D4D53B /* tinyxmlparser.cpp */; };
		C3C49FA01585F89000D4D53B /* ofxXmlSettings.cpp in Sources */ = {isa = PBXBuildFile; fileRef = C3C49F9B1585F89000D4D53B /* ofxXmlSettings.cpp */; };
		C3CAC53F167B69DC00E0C58A /* sqlite3.c in Sources */ = {isa = PBXBuildFile; fileRef = C3CAC52A167B69DC00E0C58A /* sqlite3.c */; };
		C3CAC540167B69DC00E0C58A /* ofxSQLite.cpp in Sources */ = {isa = PBXBuildFile; fileRef = C3CAC52D167B69DC00E0C58A /* ofxSQLite.cpp */; };
		C3CAC541167B69DC00E0C58A /* ofxSQLiteAbstract.cpp in Sources */ = {isa = PBXBuildFile; fileRef = C3CAC52F167B69DC00E0C58A /* ofxSQLiteAbstract.cpp */; };
		C3CAC542167B69DC00E0C58A /* ofxSQLiteDelete.cpp in Sources */ = {isa = PBXBuildFile; fileRef = C3CAC531167B69DC00E0C58A /* ofxSQLiteDelete.cpp */; };
		C3CAC543167B69DC00E0C58A /* ofxSQLiteFieldValues.cpp in Sources */ = {isa = PBXBuildFile; fileRef = C3CAC533167B69DC00E0C58A /* ofxSQLiteFieldValues.cpp */; };
		C3CAC544167B69DC00E0C58A /* ofxSQLiteInsert.cpp in Sources */ = {isa = PBXBuildFile; fileRef = C3CAC536167B69DC00E0C58A /* ofxSQLiteInsert.cpp */; };
		C3CAC545167B69DC00E0C58A /* ofxSQLiteSelect.cpp in Sources */ = {isa = PBXBuildFile; fileRef = C3CAC538167B69DC00E0C58A /* ofxSQLiteSelect.cpp */; };
		C3CAC546167B69DC00E0C58A /* ofxSQLiteUpdate.cpp in Sources */ = {isa = PBXBuildFile; fileRef = C3CAC53C167B69DC00E0C58A /* ofxSQLiteUpdate.cpp */; };
		E41D400B13B39D2100A75A5D /* AVFoundation.framework in Frameworks */ = {isa = PBXBuildFile; fileRef = E41D400613B39D2100A75A5D /* AVFoundation.framework */; };
		E41D400C13B39D2100A75A5D /* CoreMedia.framework in Frameworks */ = {isa = PBXBuildFile; fileRef = E41D400713B39D2100A75A5D /* CoreMedia.framework */; };
		E41D400D13B39D2100A75A5D /* CoreVideo.framework in Frameworks */ = {isa = PBXBuildFile; fileRef = E41D400813B39D2100A75A5D /* CoreVideo.framework */; };
		E41D400E13B39D2100A75A5D /* MapKit.framework in Frameworks */ = {isa = PBXBuildFile; fileRef = E41D400913B39D2100A75A5D /* MapKit.framework */; };
		E41D421413B3A95300A75A5D /* libofxiPhone_iphoneos_Debug.a in Frameworks */ = {isa = PBXBuildFile; fileRef = E41D410213B3A0D800A75A5D /* libofxiPhone_iphoneos_Debug.a */; };
		E4D8936E11527B74007E1F53 /* main.mm in Sources */ = {isa = PBXBuildFile; fileRef = E4D8936B11527B74007E1F53 /* main.mm */; };
		E4D8936F11527B74007E1F53 /* testApp.mm in Sources */ = {isa = PBXBuildFile; fileRef = E4D8936D11527B74007E1F53 /* testApp.mm */; };
/* End PBXBuildFile section */

/* Begin PBXContainerItemProxy section */
		E41D410113B3A0D800A75A5D /* PBXContainerItemProxy */ = {
			isa = PBXContainerItemProxy;
			containerPortal = E41D40FD13B3A0D800A75A5D /* iOS+OFLib.xcodeproj */;
			proxyType = 2;
			remoteGlobalIDString = BB24DED610DA7A3F00E9C588;
			remoteInfo = "iPhone+OF Static Library";
		};
		E41D410313B3A11300A75A5D /* PBXContainerItemProxy */ = {
			isa = PBXContainerItemProxy;
			containerPortal = E41D40FD13B3A0D800A75A5D /* iOS+OFLib.xcodeproj */;
			proxyType = 1;
			remoteGlobalIDString = BB24DE5C10DA7A3F00E9C588;
			remoteInfo = "iPhone+OF Static Library";
		};
/* End PBXContainerItemProxy section */

/* Begin PBXFileReference section */
		1D30AB110D05D00D00671497 /* Foundation.framework */ = {isa = PBXFileReference; lastKnownFileType = wrapper.framework; name = Foundation.framework; path = System/Library/Frameworks/Foundation.framework; sourceTree = SDKROOT; };
		1D6058910D05DD3D006BFB54 /* example-orbitExample.app */ = {isa = PBXFileReference; explicitFileType = wrapper.application; includeInIndex = 0; path = "example-orbitExample.app"; sourceTree = BUILT_PRODUCTS_DIR; };
		1DF5F4DF0D08C38300B7A737 /* UIKit.framework */ = {isa = PBXFileReference; lastKnownFileType = wrapper.framework; name = UIKit.framework; path = System/Library/Frameworks/UIKit.framework; sourceTree = SDKROOT; };
		288765FC0DF74451002DB57D /* CoreGraphics.framework */ = {isa = PBXFileReference; lastKnownFileType = wrapper.framework; name = CoreGraphics.framework; path = System/Library/Frameworks/CoreGraphics.framework; sourceTree = SDKROOT; };
		32CA4F630368D1EE00C91783 /* iPhone_Prefix.pch */ = {isa = PBXFileReference; fileEncoding = 4; lastKnownFileType = sourcecode.c.h; path = iPhone_Prefix.pch; sourceTree = "<group>"; };
		5326AEA710A23A0500278DE6 /* CoreLocation.framework */ = {isa = PBXFileReference; lastKnownFileType = wrapper.framework; name = CoreLocation.framework; path = System/Library/Frameworks/CoreLocation.framework; sourceTree = SDKROOT; };
		53F323EA10A20EDB00E0DAE4 /* OpenAL.framework */ = {isa = PBXFileReference; lastKnownFileType = wrapper.framework; name = OpenAL.framework; path = System/Library/Frameworks/OpenAL.framework; sourceTree = SDKROOT; };
		BB16EBD10F2B2A9500518274 /* OpenGLES.framework */ = {isa = PBXFileReference; lastKnownFileType = wrapper.framework; name = OpenGLES.framework; path = System/Library/Frameworks/OpenGLES.framework; sourceTree = SDKROOT; };
		BB16EBD80F2B2AB500518274 /* QuartzCore.framework */ = {isa = PBXFileReference; lastKnownFileType = wrapper.framework; name = QuartzCore.framework; path = System/Library/Frameworks/QuartzCore.framework; sourceTree = SDKROOT; };
		BB24DD8C10DA77E000E9C588 /* Default.png */ = {isa = PBXFileReference; lastKnownFileType = image.png; path = Default.png; sourceTree = "<group>"; };
		BB24DD8D10DA77E000E9C588 /* Icon.png */ = {isa = PBXFileReference; lastKnownFileType = image.png; path = Icon.png; sourceTree = "<group>"; };
		BB24DDC910DA781C00E9C588 /* ofxiphone-Info.plist */ = {isa = PBXFileReference; fileEncoding = 4; lastKnownFileType = text.plist.xml; path = "ofxiphone-Info.plist"; sourceTree = "<group>"; };
		BBE5EAB70F49AD8400F28951 /* AudioToolbox.framework */ = {isa = PBXFileReference; lastKnownFileType = wrapper.framework; name = AudioToolbox.framework; path = System/Library/Frameworks/AudioToolbox.framework; sourceTree = SDKROOT; };
		C32F902A1666776900D1B9D8 /* ofxARTSATAPI.h */ = {isa = PBXFileReference; fileEncoding = 4; lastKnownFileType = sourcecode.c.h; path = ofxARTSATAPI.h; sourceTree = "<group>"; };
		C32F902B1666776900D1B9D8 /* ofxEasyCubeSAT.cpp */ = {isa = PBXFileReference; fileEncoding = 4; lastKnownFileType = sourcecode.cpp.cpp; path = ofxEasyCubeSAT.cpp; sourceTree = "<group>"; };
		C32F902C1666776900D1B9D8 /* ofxEasyCubeSAT.h */ = {isa = PBXFileReference; fileEncoding = 4; lastKnownFileType = sourcecode.c.h; path = ofxEasyCubeSAT.h; sourceTree = "<group>"; };
		C32F902D1666776900D1B9D8 /* ofxICCPhysicalSAT.cpp */ = {isa = PBXFileReference; fileEncoding = 4; lastKnownFileType = sourcecode.cpp.cpp; path = ofxICCPhysicalSAT.cpp; sourceTree = "<group>"; };
		C32F902E1666776900D1B9D8 /* ofxICCPhysicalSAT.h */ = {isa = PBXFileReference; fileEncoding = 4; lastKnownFileType = sourcecode.c.h; path = ofxICCPhysicalSAT.h; sourceTree = "<group>"; };
		C32F902F1666776900D1B9D8 /* ofxInvaderSAT.cpp */ = {isa = PBXFileReference; fileEncoding = 4; lastKnownFileType = sourcecode.cpp.cpp; path = ofxInvaderSAT.cpp; sourceTree = "<group>"; };
		C32F90301666776900D1B9D8 /* ofxInvaderSAT.h */ = {isa = PBXFileReference; fileEncoding = 4; lastKnownFileType = sourcecode.c.h; path = ofxInvaderSAT.h; sourceTree = "<group>"; };
		C32F90311666776900D1B9D8 /* ofxSAT.cpp */ = {isa = PBXFileReference; fileEncoding = 4; lastKnownFileType = sourcecode.cpp.cpp; path = ofxSAT.cpp; sourceTree = "<group>"; };
		C32F90321666776900D1B9D8 /* ofxSAT.h */ = {isa = PBXFileReference; fileEncoding = 4; lastKnownFileType = sourcecode.c.h; path = ofxSAT.h; sourceTree = "<group>"; };
		C32F90331666776900D1B9D8 /* ofxSATError.cpp */ = {isa = PBXFileReference; fileEncoding = 4; lastKnownFileType = sourcecode.cpp.cpp; path = ofxSATError.cpp; sourceTree = "<group>"; };
		C32F90341666776900D1B9D8 /* ofxSATError.h */ = {isa = PBXFileReference; fileEncoding = 4; lastKnownFileType = sourcecode.c.h; path = ofxSATError.h; sourceTree = "<group>"; };
		C32F90351666776900D1B9D8 /* ofxSATLocalDB.cpp */ = {isa = PBXFileReference; fileEncoding = 4; lastKnownFileType = sourcecode.cpp.cpp; path = ofxSATLocalDB.cpp; sourceTree = "<group>"; };
		C32F90361666776900D1B9D8 /* ofxSATLocalDB.h */ = {isa = PBXFileReference; fileEncoding = 4; lastKnownFileType = sourcecode.c.h; path = ofxSATLocalDB.h; sourceTree = "<group>"; };
		C32F90371666776900D1B9D8 /* ofxSATRemoteDB.cpp */ = {isa = PBXFileReference; fileEncoding = 4; lastKnownFileType = sourcecode.cpp.cpp; path = ofxSATRemoteDB.cpp; sourceTree = "<group>"; };
		C32F90381666776900D1B9D8 /* ofxSATRemoteDB.h */ = {isa = PBXFileReference; fileEncoding = 4; lastKnownFileType = sourcecode.c.h; path = ofxSATRemoteDB.h; sourceTree = "<group>"; };
		C32F90391666776900D1B9D8 /* ofxSATTemplate.cpp */ = {isa = PBXFileReference; fileEncoding = 4; lastKnownFileType = sourcecode.cpp.cpp; path = ofxSATTemplate.cpp; sourceTree = "<group>"; };
		C32F903A1666776900D1B9D8 /* ofxSATTemplate.h */ = {isa = PBXFileReference; fileEncoding = 4; lastKnownFileType = sourcecode.c.h; path = ofxSATTemplate.h; sourceTree = "<group>"; };
		C32F903B1666776900D1B9D8 /* ofxSATTime.cpp */ = {isa = PBXFileReference; fileEncoding = 4; lastKnownFileType = sourcecode.cpp.cpp; path = ofxSATTime.cpp; sourceTree = "<group>"; };
		C32F903C1666776900D1B9D8 /* ofxSATTime.h */ = {isa = PBXFileReference; fileEncoding = 4; lastKnownFileType = sourcecode.c.h; path = ofxSATTime.h; sourceTree = "<group>"; };
		C32F903D1666776900D1B9D8 /* ofxSATTimeDiff.cpp */ = {isa = PBXFileReference; fileEncoding = 4; lastKnownFileType = sourcecode.cpp.cpp; path = ofxSATTimeDiff.cpp; sourceTree = "<group>"; };
		C32F903E1666776900D1B9D8 /* ofxSATTimeDiff.h */ = {isa = PBXFileReference; fileEncoding = 4; lastKnownFileType = sourcecode.c.h; path = ofxSATTimeDiff.h; sourceTree = "<group>"; };
		C32F903F1666776900D1B9D8 /* ofxSATType.h */ = {isa = PBXFileReference; fileEncoding = 4; lastKnownFileType = sourcecode.c.h; path = ofxSATType.h; sourceTree = "<group>"; };
		C3C49F7E1585F86800D4D53B /* sgp4sdp4.c */ = {isa = PBXFileReference; fileEncoding = 4; lastKnownFileType = sourcecode.c.c; path = sgp4sdp4.c; sourceTree = "<group>"; };
		C3C49F7F1585F86800D4D53B /* sgp4sdp4.h */ = {isa = PBXFileReference; fileEncoding = 4; lastKnownFileType = sourcecode.c.h; path = sgp4sdp4.h; sourceTree = "<group>"; };
		C3C49F801585F86800D4D53B /* sgp_in.c */ = {isa = PBXFileReference; fileEncoding = 4; lastKnownFileType = sourcecode.c.c; path = sgp_in.c; sourceTree = "<group>"; };
		C3C49F811585F86800D4D53B /* sgp_math.c */ = {isa = PBXFileReference; fileEncoding = 4; lastKnownFileType = sourcecode.c.c; path = sgp_math.c; sourceTree = "<group>"; };
		C3C49F821585F86800D4D53B /* sgp_obs.c */ = {isa = PBXFileReference; fileEncoding = 4; lastKnownFileType = sourcecode.c.c; path = sgp_obs.c; sourceTree = "<group>"; };
		C3C49F831585F86800D4D53B /* sgp_time.c */ = {isa = PBXFileReference; fileEncoding = 4; lastKnownFileType = sourcecode.c.c; path = sgp_time.c; sourceTree = "<group>"; };
		C3C49F841585F86800D4D53B /* solar.c */ = {isa = PBXFileReference; fileEncoding = 4; lastKnownFileType = sourcecode.c.c; path = solar.c; sourceTree = "<group>"; };
		C3C49F911585F87900D4D53B /* ofxSgp.cpp */ = {isa = PBXFileReference; fileEncoding = 4; lastKnownFileType = sourcecode.cpp.cpp; path = ofxSgp.cpp; sourceTree = "<group>"; };
		C3C49F921585F87900D4D53B /* ofxSgp.h */ = {isa = PBXFileReference; fileEncoding = 4; lastKnownFileType = sourcecode.c.h; path = ofxSgp.h; sourceTree = "<group>"; };
		C3C49F961585F89000D4D53B /* tinyxml.cpp */ = {isa = PBXFileReference; fileEncoding = 4; lastKnownFileType = sourcecode.cpp.cpp; path = tinyxml.cpp; sourceTree = "<group>"; };
		C3C49F971585F89000D4D53B /* tinyxml.h */ = {isa = PBXFileReference; fileEncoding = 4; lastKnownFileType = sourcecode.c.h; path = tinyxml.h; sourceTree = "<group>"; };
		C3C49F981585F89000D4D53B /* tinyxmlerror.cpp */ = {isa = PBXFileReference; fileEncoding = 4; lastKnownFileType = sourcecode.cpp.cpp; path = tinyxmlerror.cpp; sourceTree = "<group>"; };
		C3C49F991585F89000D4D53B /* tinyxmlparser.cpp */ = {isa = PBXFileReference; fileEncoding = 4; lastKnownFileType = sourcecode.cpp.cpp; path = tinyxmlparser.cpp; sourceTree = "<group>"; };
		C3C49F9B1585F89000D4D53B /* ofxXmlSettings.cpp */ = {isa = PBXFileReference; fileEncoding = 4; lastKnownFileType = sourcecode.cpp.cpp; path = ofxXmlSettings.cpp; sourceTree = "<group>"; };
		C3C49F9C1585F89000D4D53B /* ofxXmlSettings.h */ = {isa = PBXFileReference; fileEncoding = 4; lastKnownFileType = sourcecode.c.h; path = ofxXmlSettings.h; sourceTree = "<group>"; };
		C3CAC52A167B69DC00E0C58A /* sqlite3.c */ = {isa = PBXFileReference; fileEncoding = 4; lastKnownFileType = sourcecode.c.c; path = sqlite3.c; sourceTree = "<group>"; };
		C3CAC52B167B69DC00E0C58A /* sqlite3.h */ = {isa = PBXFileReference; fileEncoding = 4; lastKnownFileType = sourcecode.c.h; path = sqlite3.h; sourceTree = "<group>"; };
		C3CAC52C167B69DC00E0C58A /* sqlite3ext.h */ = {isa = PBXFileReference; fileEncoding = 4; lastKnownFileType = sourcecode.c.h; path = sqlite3ext.h; sourceTree = "<group>"; };
		C3CAC52D167B69DC00E0C58A /* ofxSQLite.cpp */ = {isa = PBXFileReference; fileEncoding = 4; lastKnownFileType = sourcecode.cpp.cpp; path = ofxSQLite.cpp; sourceTree = "<group>"; };
		C3CAC52E167B69DC00E0C58A /* ofxSQLite.h */ = {isa = PBXFileReference; fileEncoding = 4; lastKnownFileType = sourcecode.c.h; path = ofxSQLite.h; sourceTree = "<group>"; };
		C3CAC52F167B69DC00E0C58A /* ofxSQLiteAbstract.cpp */ = {isa = PBXFileReference; fileEncoding = 4; lastKnownFileType = sourcecode.cpp.cpp; path = ofxSQLiteAbstract.cpp; sourceTree = "<group>"; };
		C3CAC530167B69DC00E0C58A /* ofxSQLiteAbstract.h */ = {isa = PBXFileReference; fileEncoding = 4; lastKnownFileType = sourcecode.c.h; path = ofxSQLiteAbstract.h; sourceTree = "<group>"; };
		C3CAC531167B69DC00E0C58A /* ofxSQLiteDelete.cpp */ = {isa = PBXFileReference; fileEncoding = 4; lastKnownFileType = sourcecode.cpp.cpp; path = ofxSQLiteDelete.cpp; sourceTree = "<group>"; };
		C3CAC532167B69DC00E0C58A /* ofxSQLiteDelete.h */ = {isa = PBXFileReference; fileEncoding = 4; lastKnownFileType = sourcecode.c.h; path = ofxSQLiteDelete.h; sourceTree = "<group>"; };
		C3CAC533167B69DC00E0C58A /* ofxSQLiteFieldValues.cpp */ = {isa = PBXFileReference; fileEncoding = 4; lastKnownFileType = sourcecode.cpp.cpp; path = ofxSQLiteFieldValues.cpp; sourceTree = "<group>"; };
		C3CAC534167B69DC00E0C58A /* ofxSQLiteFieldValues.h */ = {isa = PBXFileReference; fileEncoding = 4; lastKnownFileType = sourcecode.c.h; path = ofxSQLiteFieldValues.h; sourceTree = "<group>"; };
		C3CAC535167B69DC00E0C58A /* ofxSQLiteHeaders.h */ = {isa = PBXFileReference; fileEncoding = 4; lastKnownFileType = sourcecode.c.h; path = ofxSQLiteHeaders.h; sourceTree = "<group>"; };
		C3CAC536167B69DC00E0C58A /* ofxSQLiteInsert.cpp */ = {isa = PBXFileReference; fileEncoding = 4; lastKnownFileType = sourcecode.cpp.cpp; path = ofxSQLiteInsert.cpp; sourceTree = "<group>"; };
		C3CAC537167B69DC00E0C58A /* ofxSQLiteInsert.h */ = {isa = PBXFileReference; fileEncoding = 4; lastKnownFileType = sourcecode.c.h; path = ofxSQLiteInsert.h; sourceTree = "<group>"; };
		C3CAC538167B69DC00E0C58A /* ofxSQLiteSelect.cpp */ = {isa = PBXFileReference; fileEncoding = 4; lastKnownFileType = sourcecode.cpp.cpp; path = ofxSQLiteSelect.cpp; sourceTree = "<group>"; };
		C3CAC539167B69DC00E0C58A /* ofxSQLiteSelect.h */ = {isa = PBXFileReference; fileEncoding = 4; lastKnownFileType = sourcecode.c.h; path = ofxSQLiteSelect.h; sourceTree = "<group>"; };
		C3CAC53A167B69DC00E0C58A /* ofxSQLiteType.h */ = {isa = PBXFileReference; fileEncoding = 4; lastKnownFileType = sourcecode.c.h; path = ofxSQLiteType.h; sourceTree = "<group>"; };
		C3CAC53B167B69DC00E0C58A /* ofxSQLiteTypeNow.h */ = {isa = PBXFileReference; fileEncoding = 4; lastKnownFileType = sourcecode.c.h; path = ofxSQLiteTypeNow.h; sourceTree = "<group>"; };
		C3CAC53C167B69DC00E0C58A /* ofxSQLiteUpdate.cpp */ = {isa = PBXFileReference; fileEncoding = 4; lastKnownFileType = sourcecode.cpp.cpp; path = ofxSQLiteUpdate.cpp; sourceTree = "<group>"; };
		C3CAC53D167B69DC00E0C58A /* ofxSQLiteUpdate.h */ = {isa = PBXFileReference; fileEncoding = 4; lastKnownFileType = sourcecode.c.h; path = ofxSQLiteUpdate.h; sourceTree = "<group>"; };
		C3CAC53E167B69DC00E0C58A /* ofxSQLiteWhere.h */ = {isa = PBXFileReference; fileEncoding = 4; lastKnownFileType = sourcecode.c.h; path = ofxSQLiteWhere.h; sourceTree = "<group>"; };
		E41D3ED613B38FB500A75A5D /* Project.xcconfig */ = {isa = PBXFileReference; fileEncoding = 4; lastKnownFileType = text.xcconfig; path = Project.xcconfig; sourceTree = "<group>"; };
		E41D3EE513B3906D00A75A5D /* CoreOF.xcconfig */ = {isa = PBXFileReference; fileEncoding = 4; lastKnownFileType = text.xcconfig; name = CoreOF.xcconfig; path = ../../../libs/openFrameworksCompiled/project/ios/CoreOF.xcconfig; sourceTree = SOURCE_ROOT; };
		E41D400613B39D2100A75A5D /* AVFoundation.framework */ = {isa = PBXFileReference; lastKnownFileType = wrapper.framework; name = AVFoundation.framework; path = System/Library/Frameworks/AVFoundation.framework; sourceTree = SDKROOT; };
		E41D400713B39D2100A75A5D /* CoreMedia.framework */ = {isa = PBXFileReference; lastKnownFileType = wrapper.framework; name = CoreMedia.framework; path = System/Library/Frameworks/CoreMedia.framework; sourceTree = SDKROOT; };
		E41D400813B39D2100A75A5D /* CoreVideo.framework */ = {isa = PBXFileReference; lastKnownFileType = wrapper.framework; name = CoreVideo.framework; path = System/Library/Frameworks/CoreVideo.framework; sourceTree = SDKROOT; };
		E41D400913B39D2100A75A5D /* MapKit.framework */ = {isa = PBXFileReference; lastKnownFileType = wrapper.framework; name = MapKit.framework; path = System/Library/Frameworks/MapKit.framework; sourceTree = SDKROOT; };
		E41D40FD13B3A0D800A75A5D /* iOS+OFLib.xcodeproj */ = {isa = PBXFileReference; lastKnownFileType = "wrapper.pb-project"; name = "iOS+OFLib.xcodeproj"; path = "../../../libs/openFrameworksCompiled/project/ios/iOS+OFLib.xcodeproj"; sourceTree = SOURCE_ROOT; };
		E4A823A312561BE3002F86A2 /* CoreGraphics.framework */ = {isa = PBXFileReference; lastKnownFileType = wrapper.framework; name = CoreGraphics.framework; path = System/Library/Frameworks/CoreGraphics.framework; sourceTree = SDKROOT; };
		E4D8936B11527B74007E1F53 /* main.mm */ = {isa = PBXFileReference; fileEncoding = 4; lastKnownFileType = sourcecode.cpp.objcpp; name = main.mm; path = src/main.mm; sourceTree = SOURCE_ROOT; };
		E4D8936C11527B74007E1F53 /* testApp.h */ = {isa = PBXFileReference; fileEncoding = 4; lastKnownFileType = sourcecode.c.h; name = testApp.h; path = src/testApp.h; sourceTree = SOURCE_ROOT; };
		E4D8936D11527B74007E1F53 /* testApp.mm */ = {isa = PBXFileReference; fileEncoding = 4; lastKnownFileType = sourcecode.cpp.objcpp; name = testApp.mm; path = src/testApp.mm; sourceTree = SOURCE_ROOT; };
/* End PBXFileReference section */

/* Begin PBXFrameworksBuildPhase section */
		1D60588F0D05DD3D006BFB54 /* Frameworks */ = {
			isa = PBXFrameworksBuildPhase;
			buildActionMask = 2147483647;
			files = (
				E41D421413B3A95300A75A5D /* libofxiPhone_iphoneos_Debug.a in Frameworks */,
				1D60589F0D05DD5A006BFB54 /* Foundation.framework in Frameworks */,
				1DF5F4E00D08C38300B7A737 /* UIKit.framework in Frameworks */,
				288765FD0DF74451002DB57D /* CoreGraphics.framework in Frameworks */,
				BB16EBD20F2B2A9500518274 /* OpenGLES.framework in Frameworks */,
				BB16EBD90F2B2AB500518274 /* QuartzCore.framework in Frameworks */,
				BBE5EAB80F49AD8400F28951 /* AudioToolbox.framework in Frameworks */,
				53F323EB10A20EDB00E0DAE4 /* OpenAL.framework in Frameworks */,
				5326AEA810A23A0500278DE6 /* CoreLocation.framework in Frameworks */,
				E41D400B13B39D2100A75A5D /* AVFoundation.framework in Frameworks */,
				E41D400C13B39D2100A75A5D /* CoreMedia.framework in Frameworks */,
				E41D400D13B39D2100A75A5D /* CoreVideo.framework in Frameworks */,
				E41D400E13B39D2100A75A5D /* MapKit.framework in Frameworks */,
			);
			runOnlyForDeploymentPostprocessing = 0;
		};
/* End PBXFrameworksBuildPhase section */

/* Begin PBXGroup section */
		19C28FACFE9D520D11CA2CBB /* Products */ = {
			isa = PBXGroup;
			children = (
				1D6058910D05DD3D006BFB54 /* example-orbitExample.app */,
			);
			name = Products;
			sourceTree = "<group>";
		};
		29B97314FDCFA39411CA2CEA /* CustomTemplate */ = {
			isa = PBXGroup;
			children = (
				E4D8936A11527B74007E1F53 /* src */,
				BB24DD8B10DA77E000E9C588 /* data */,
				BB24E1F710DAA51900E9C588 /* openFrameworks */,
				BB16F26B0F2B646B00518274 /* addons */,
				BB16E9930F2B1E5900518274 /* libs */,
				19C28FACFE9D520D11CA2CBB /* Products */,
			);
			name = CustomTemplate;
			sourceTree = "<group>";
		};
		29B97323FDCFA39411CA2CEA /* core frameworks */ = {
			isa = PBXGroup;
			children = (
				E41D400613B39D2100A75A5D /* AVFoundation.framework */,
				E41D400713B39D2100A75A5D /* CoreMedia.framework */,
				E41D400813B39D2100A75A5D /* CoreVideo.framework */,
				E41D400913B39D2100A75A5D /* MapKit.framework */,
				53F323EA10A20EDB00E0DAE4 /* OpenAL.framework */,
				E4A823A312561BE3002F86A2 /* CoreGraphics.framework */,
				BBE5EAB70F49AD8400F28951 /* AudioToolbox.framework */,
				BB16EBD80F2B2AB500518274 /* QuartzCore.framework */,
				BB16EBD10F2B2A9500518274 /* OpenGLES.framework */,
				1DF5F4DF0D08C38300B7A737 /* UIKit.framework */,
				1D30AB110D05D00D00671497 /* Foundation.framework */,
				288765FC0DF74451002DB57D /* CoreGraphics.framework */,
				5326AEA710A23A0500278DE6 /* CoreLocation.framework */,
			);
			name = "core frameworks";
			sourceTree = "<group>";
		};
		BB16E9930F2B1E5900518274 /* libs */ = {
			isa = PBXGroup;
			children = (
				BBE5E94E0F497BD800F28951 /* core */,
			);
			name = libs;
			sourceTree = "<group>";
		};
		BB16F26B0F2B646B00518274 /* addons */ = {
			isa = PBXGroup;
			children = (
				C32F90281666776900D1B9D8 /* ofxARTSATAPI */,
				C3C49F941585F89000D4D53B /* ofxXmlSettings */,
			);
			name = addons;
			sourceTree = "<group>";
		};
		BB24DD8B10DA77E000E9C588 /* data */ = {
			isa = PBXGroup;
			children = (
				BB24DD8C10DA77E000E9C588 /* Default.png */,
				BB24DD8D10DA77E000E9C588 /* Icon.png */,
			);
			name = data;
			path = bin/data;
			sourceTree = "<group>";
		};
		BB24E1F710DAA51900E9C588 /* openFrameworks */ = {
			isa = PBXGroup;
			children = (
				E41D40FD13B3A0D800A75A5D /* iOS+OFLib.xcodeproj */,
				32CA4F630368D1EE00C91783 /* iPhone_Prefix.pch */,
				BB24DDC910DA781C00E9C588 /* ofxiphone-Info.plist */,
				E41D3EE513B3906D00A75A5D /* CoreOF.xcconfig */,
				E41D3ED613B38FB500A75A5D /* Project.xcconfig */,
			);
			name = openFrameworks;
			sourceTree = "<group>";
		};
		BBE5E94E0F497BD800F28951 /* core */ = {
			isa = PBXGroup;
			children = (
				29B97323FDCFA39411CA2CEA /* core frameworks */,
			);
			name = core;
			sourceTree = "<group>";
		};
		C32F90281666776900D1B9D8 /* ofxARTSATAPI */ = {
			isa = PBXGroup;
			children = (
				C3CAC525167B69DC00E0C58A /* libs */,
				C32F90291666776900D1B9D8 /* src */,
			);
			name = ofxARTSATAPI;
			path = ../../../addons/ofxARTSATAPI;
			sourceTree = "<group>";
		};
		C32F90291666776900D1B9D8 /* src */ = {
			isa = PBXGroup;
			children = (
				C32F902A1666776900D1B9D8 /* ofxARTSATAPI.h */,
				C32F903F1666776900D1B9D8 /* ofxSATType.h */,
				C32F90341666776900D1B9D8 /* ofxSATError.h */,
				C32F90331666776900D1B9D8 /* ofxSATError.cpp */,
				C32F90321666776900D1B9D8 /* ofxSAT.h */,
				C32F90311666776900D1B9D8 /* ofxSAT.cpp */,
				C32F90361666776900D1B9D8 /* ofxSATLocalDB.h */,
				C32F90351666776900D1B9D8 /* ofxSATLocalDB.cpp */,
				C32F90381666776900D1B9D8 /* ofxSATRemoteDB.h */,
				C32F90371666776900D1B9D8 /* ofxSATRemoteDB.cpp */,
				C32F903A1666776900D1B9D8 /* ofxSATTemplate.h */,
				C32F90391666776900D1B9D8 /* ofxSATTemplate.cpp */,
				C32F90301666776900D1B9D8 /* ofxInvaderSAT.h */,
				C32F902F1666776900D1B9D8 /* ofxInvaderSAT.cpp */,
				C32F902E1666776900D1B9D8 /* ofxICCPhysicalSAT.h */,
				C32F902D1666776900D1B9D8 /* ofxICCPhysicalSAT.cpp */,
				C32F902C1666776900D1B9D8 /* ofxEasyCubeSAT.h */,
				C32F902B1666776900D1B9D8 /* ofxEasyCubeSAT.cpp */,
				C32F903C1666776900D1B9D8 /* ofxSATTime.h */,
				C32F903B1666776900D1B9D8 /* ofxSATTime.cpp */,
				C32F903E1666776900D1B9D8 /* ofxSATTimeDiff.h */,
				C32F903D1666776900D1B9D8 /* ofxSATTimeDiff.cpp */,
			);
			path = src;
			sourceTree = "<group>";
		};
		C3C49F771585F86800D4D53B /* sgp4sdp4 */ = {
			isa = PBXGroup;
			children = (
				C3C49F7E1585F86800D4D53B /* sgp4sdp4.c */,
				C3C49F7F1585F86800D4D53B /* sgp4sdp4.h */,
				C3C49F801585F86800D4D53B /* sgp_in.c */,
				C3C49F811585F86800D4D53B /* sgp_math.c */,
				C3C49F821585F86800D4D53B /* sgp_obs.c */,
				C3C49F831585F86800D4D53B /* sgp_time.c */,
				C3C49F841585F86800D4D53B /* solar.c */,
			);
			path = sgp4sdp4;
			sourceTree = "<group>";
		};
		C3C49F941585F89000D4D53B /* ofxXmlSettings */ = {
			isa = PBXGroup;
			children = (
				C3C49F951585F89000D4D53B /* libs */,
				C3C49F9A1585F89000D4D53B /* src */,
			);
			name = ofxXmlSettings;
			path = ../../../addons/ofxXmlSettings;
			sourceTree = "<group>";
		};
		C3C49F951585F89000D4D53B /* libs */ = {
			isa = PBXGroup;
			children = (
				C3C49F961585F89000D4D53B /* tinyxml.cpp */,
				C3C49F971585F89000D4D53B /* tinyxml.h */,
				C3C49F981585F89000D4D53B /* tinyxmlerror.cpp */,
				C3C49F991585F89000D4D53B /* tinyxmlparser.cpp */,
			);
			path = libs;
			sourceTree = "<group>";
		};
		C3C49F9A1585F89000D4D53B /* src */ = {
			isa = PBXGroup;
			children = (
				C3C49F9B1585F89000D4D53B /* ofxXmlSettings.cpp */,
				C3C49F9C1585F89000D4D53B /* ofxXmlSettings.h */,
			);
			path = src;
			sourceTree = "<group>";
		};
		C3CAC525167B69DC00E0C58A /* libs */ = {
			isa = PBXGroup;
			children = (
				C3CAC526167B69DC00E0C58A /* ofxSQLite */,
			);
			path = libs;
			sourceTree = "<group>";
		};
		C3CAC526167B69DC00E0C58A /* ofxSQLite */ = {
			isa = PBXGroup;
			children = (
				C3CAC527167B69DC00E0C58A /* src */,
			);
			path = ofxSQLite;
			sourceTree = "<group>";
		};
		C3CAC527167B69DC00E0C58A /* src */ = {
			isa = PBXGroup;
			children = (
				C3CAC528167B69DC00E0C58A /* lib */,
				C3CAC52D167B69DC00E0C58A /* ofxSQLite.cpp */,
				C3CAC52E167B69DC00E0C58A /* ofxSQLite.h */,
				C3CAC52F167B69DC00E0C58A /* ofxSQLiteAbstract.cpp */,
				C3CAC530167B69DC00E0C58A /* ofxSQLiteAbstract.h */,
				C3CAC531167B69DC00E0C58A /* ofxSQLiteDelete.cpp */,
				C3CAC532167B69DC00E0C58A /* ofxSQLiteDelete.h */,
				C3CAC533167B69DC00E0C58A /* ofxSQLiteFieldValues.cpp */,
				C3CAC534167B69DC00E0C58A /* ofxSQLiteFieldValues.h */,
				C3CAC535167B69DC00E0C58A /* ofxSQLiteHeaders.h */,
				C3CAC536167B69DC00E0C58A /* ofxSQLiteInsert.cpp */,
				C3CAC537167B69DC00E0C58A /* ofxSQLiteInsert.h */,
				C3CAC538167B69DC00E0C58A /* ofxSQLiteSelect.cpp */,
				C3CAC539167B69DC00E0C58A /* ofxSQLiteSelect.h */,
				C3CAC53A167B69DC00E0C58A /* ofxSQLiteType.h */,
				C3CAC53B167B69DC00E0C58A /* ofxSQLiteTypeNow.h */,
				C3CAC53C167B69DC00E0C58A /* ofxSQLiteUpdate.cpp */,
				C3CAC53D167B69DC00E0C58A /* ofxSQLiteUpdate.h */,
				C3CAC53E167B69DC00E0C58A /* ofxSQLiteWhere.h */,
			);
			path = src;
			sourceTree = "<group>";
		};
		C3CAC528167B69DC00E0C58A /* lib */ = {
			isa = PBXGroup;
			children = (
				C3CAC529167B69DC00E0C58A /* sqlite */,
			);
			path = lib;
			sourceTree = "<group>";
		};
		C3CAC529167B69DC00E0C58A /* sqlite */ = {
			isa = PBXGroup;
			children = (
				C3CAC52A167B69DC00E0C58A /* sqlite3.c */,
				C3CAC52B167B69DC00E0C58A /* sqlite3.h */,
				C3CAC52C167B69DC00E0C58A /* sqlite3ext.h */,
			);
			path = sqlite;
			sourceTree = "<group>";
		};
		E41D40FE13B3A0D800A75A5D /* Products */ = {
			isa = PBXGroup;
			children = (
				E41D410213B3A0D800A75A5D /* libofxiPhone_iphoneos_Debug.a */,
			);
			name = Products;
			sourceTree = "<group>";
		};
		E4D8936A11527B74007E1F53 /* src */ = {
			isa = PBXGroup;
			children = (
				E4D8936B11527B74007E1F53 /* main.mm */,
				E4D8936C11527B74007E1F53 /* testApp.h */,
				E4D8936D11527B74007E1F53 /* testApp.mm */,
				C3C49F921585F87900D4D53B /* ofxSgp.h */,
				C3C49F911585F87900D4D53B /* ofxSgp.cpp */,
				C3C49F771585F86800D4D53B /* sgp4sdp4 */,
			);
			path = src;
			sourceTree = SOURCE_ROOT;
		};
/* End PBXGroup section */

/* Begin PBXNativeTarget section */
		1D6058900D05DD3D006BFB54 /* example-orbitExample */ = {
			isa = PBXNativeTarget;
			buildConfigurationList = 1D6058960D05DD3E006BFB54 /* Build configuration list for PBXNativeTarget "example-orbitExample" */;
			buildPhases = (
				1D60588D0D05DD3D006BFB54 /* Resources */,
				1D60588E0D05DD3D006BFB54 /* Sources */,
				1D60588F0D05DD3D006BFB54 /* Frameworks */,
				9255DD331112741900D6945E /* ShellScript */,
			);
			buildRules = (
			);
			dependencies = (
				E41D410413B3A11300A75A5D /* PBXTargetDependency */,
			);
			name = "example-orbitExample";
			productName = iPhone;
			productReference = 1D6058910D05DD3D006BFB54 /* example-orbitExample.app */;
			productType = "com.apple.product-type.application";
		};
/* End PBXNativeTarget section */

/* Begin PBXProject section */
		29B97313FDCFA39411CA2CEA /* Project object */ = {
			isa = PBXProject;
			attributes = {
				LastUpgradeCheck = 0420;
			};
			buildConfigurationList = C01FCF4E08A954540054247B /* Build configuration list for PBXProject "example-orbitExample" */;
			compatibilityVersion = "Xcode 3.2";
			developmentRegion = English;
			hasScannedForEncodings = 1;
			knownRegions = (
				English,
				Japanese,
				French,
				German,
			);
			mainGroup = 29B97314FDCFA39411CA2CEA /* CustomTemplate */;
			projectDirPath = "";
			projectReferences = (
				{
					ProductGroup = E41D40FE13B3A0D800A75A5D /* Products */;
					ProjectRef = E41D40FD13B3A0D800A75A5D /* iOS+OFLib.xcodeproj */;
				},
			);
			projectRoot = "";
			targets = (
				1D6058900D05DD3D006BFB54 /* example-orbitExample */,
			);
		};
/* End PBXProject section */

/* Begin PBXReferenceProxy section */
		E41D410213B3A0D800A75A5D /* libofxiPhone_iphoneos_Debug.a */ = {
			isa = PBXReferenceProxy;
			fileType = archive.ar;
			path = libofxiPhone_iphoneos_Debug.a;
			remoteRef = E41D410113B3A0D800A75A5D /* PBXContainerItemProxy */;
			sourceTree = BUILT_PRODUCTS_DIR;
		};
/* End PBXReferenceProxy section */

/* Begin PBXResourcesBuildPhase section */
		1D60588D0D05DD3D006BFB54 /* Resources */ = {
			isa = PBXResourcesBuildPhase;
			buildActionMask = 2147483647;
			files = (
			);
			runOnlyForDeploymentPostprocessing = 0;
		};
/* End PBXResourcesBuildPhase section */

/* Begin PBXShellScriptBuildPhase section */
		9255DD331112741900D6945E /* ShellScript */ = {
			isa = PBXShellScriptBuildPhase;
			buildActionMask = 2147483647;
			files = (
			);
			inputPaths = (
			);
			outputPaths = (
			);
			runOnlyForDeploymentPostprocessing = 0;
			shellPath = /bin/sh;
			shellScript = "cp -rf bin/data/ \"$TARGET_BUILD_DIR/$PRODUCT_NAME.app\"\n";
		};
/* End PBXShellScriptBuildPhase section */

/* Begin PBXSourcesBuildPhase section */
		1D60588E0D05DD3D006BFB54 /* Sources */ = {
			isa = PBXSourcesBuildPhase;
			buildActionMask = 2147483647;
			files = (
				E4D8936E11527B74007E1F53 /* main.mm in Sources */,
				E4D8936F11527B74007E1F53 /* testApp.mm in Sources */,
				C3C49F8B1585F86800D4D53B /* sgp4sdp4.c in Sources */,
				C3C49F8C1585F86800D4D53B /* sgp_in.c in Sources */,
				C3C49F8D1585F86800D4D53B /* sgp_math.c in Sources */,
				C3C49F8E1585F86800D4D53B /* sgp_obs.c in Sources */,
				C3C49F8F1585F86800D4D53B /* sgp_time.c in Sources */,
				C3C49F901585F86800D4D53B /* solar.c in Sources */,
				C3C49F931585F87900D4D53B /* ofxSgp.cpp in Sources */,
				C3C49F9D1585F89000D4D53B /* tinyxml.cpp in Sources */,
				C3C49F9E1585F89000D4D53B /* tinyxmlerror.cpp in Sources */,
				C3C49F9F1585F89000D4D53B /* tinyxmlparser.cpp in Sources */,
				C3C49FA01585F89000D4D53B /* ofxXmlSettings.cpp in Sources */,
				C32F90581666776900D1B9D8 /* ofxEasyCubeSAT.cpp in Sources */,
				C32F90591666776900D1B9D8 /* ofxICCPhysicalSAT.cpp in Sources */,
				C32F905A1666776900D1B9D8 /* ofxInvaderSAT.cpp in Sources */,
				C32F905B1666776900D1B9D8 /* ofxSAT.cpp in Sources */,
				C32F905C1666776900D1B9D8 /* ofxSATError.cpp in Sources */,
				C32F905D1666776900D1B9D8 /* ofxSATLocalDB.cpp in Sources */,
				C32F905E1666776900D1B9D8 /* ofxSATRemoteDB.cpp in Sources */,
				C32F905F1666776900D1B9D8 /* ofxSATTemplate.cpp in Sources */,
				C32F90601666776900D1B9D8 /* ofxSATTime.cpp in Sources */,
				C32F90611666776900D1B9D8 /* ofxSATTimeDiff.cpp in Sources */,
				C3CAC53F167B69DC00E0C58A /* sqlite3.c in Sources */,
				C3CAC540167B69DC00E0C58A /* ofxSQLite.cpp in Sources */,
				C3CAC541167B69DC00E0C58A /* ofxSQLiteAbstract.cpp in Sources */,
				C3CAC542167B69DC00E0C58A /* ofxSQLiteDelete.cpp in Sources */,
				C3CAC543167B69DC00E0C58A /* ofxSQLiteFieldValues.cpp in Sources */,
				C3CAC544167B69DC00E0C58A /* ofxSQLiteInsert.cpp in Sources */,
				C3CAC545167B69DC00E0C58A /* ofxSQLiteSelect.cpp in Sources */,
				C3CAC546167B69DC00E0C58A /* ofxSQLiteUpdate.cpp in Sources */,
			);
			runOnlyForDeploymentPostprocessing = 0;
		};
/* End PBXSourcesBuildPhase section */

/* Begin PBXTargetDependency section */
		E41D410413B3A11300A75A5D /* PBXTargetDependency */ = {
			isa = PBXTargetDependency;
			name = "iPhone+OF Static Library";
			targetProxy = E41D410313B3A11300A75A5D /* PBXContainerItemProxy */;
		};
/* End PBXTargetDependency section */

/* Begin XCBuildConfiguration section */
		1D6058940D05DD3E006BFB54 /* Debug */ = {
			isa = XCBuildConfiguration;
			buildSettings = {
				ALWAYS_SEARCH_USER_PATHS = NO;
				GCC_PRECOMPILE_PREFIX_HEADER = YES;
				GCC_PREFIX_HEADER = iPhone_Prefix.pch;
				INFOPLIST_FILE = "ofxiphone-Info.plist";
				IPHONEOS_DEPLOYMENT_TARGET = 4.3;
				PRODUCT_NAME = "example-orbitExample";
				TARGETED_DEVICE_FAMILY = "1,2";
			};
			name = Debug;
		};
		1D6058950D05DD3E006BFB54 /* Release */ = {
			isa = XCBuildConfiguration;
			buildSettings = {
				GCC_PRECOMPILE_PREFIX_HEADER = YES;
				GCC_PREFIX_HEADER = iPhone_Prefix.pch;
				INFOPLIST_FILE = "ofxiphone-Info.plist";
				IPHONEOS_DEPLOYMENT_TARGET = 4.3;
				PRODUCT_NAME = "example-orbitExample";
				TARGETED_DEVICE_FAMILY = "1,2";
			};
			name = Release;
		};
		C01FCF4F08A954540054247B /* Debug */ = {
			isa = XCBuildConfiguration;
			baseConfigurationReference = E41D3ED613B38FB500A75A5D /* Project.xcconfig */;
			buildSettings = {
				ALWAYS_SEARCH_USER_PATHS = YES;
				ARCHS = "$(ARCHS_STANDARD_32_BIT)";
				CODE_SIGN_IDENTITY = "";
				"CODE_SIGN_IDENTITY[sdk=iphoneos*]" = "iPhone Developer";
				COMPRESS_PNG_FILES = NO;
				GCC_C_LANGUAGE_STANDARD = c99;
				GCC_OPTIMIZATION_LEVEL = 0;
				GCC_SYMBOLS_PRIVATE_EXTERN = NO;
				GCC_WARN_ABOUT_DEPRECATED_FUNCTIONS = NO;
				GCC_WARN_ABOUT_INVALID_OFFSETOF_MACRO = NO;
				GCC_WARN_ABOUT_POINTER_SIGNEDNESS = NO;
				GCC_WARN_ABOUT_RETURN_TYPE = YES;
				GCC_WARN_ALLOW_INCOMPLETE_PROTOCOL = NO;
				GCC_WARN_PROTOTYPE_CONVERSION = NO;
				GCC_WARN_UNUSED_VARIABLE = YES;
				HEADER_SEARCH_PATHS = (
					"$(OF_CORE_HEADERS)",
					src,
				);
				IPHONEOS_DEPLOYMENT_TARGET = 4.3;
				ONLY_ACTIVE_ARCH = NO;
				OTHER_CFLAGS = "";
				"PROVISIONING_PROFILE[sdk=iphoneos*]" = "";
				SDKROOT = iphoneos;
				TARGETED_DEVICE_FAMILY = 1;
				WARNING_LDFLAGS = "-no_arch_warnings";
			};
			name = Debug;
		};
		C01FCF5008A954540054247B /* Release */ = {
			isa = XCBuildConfiguration;
			baseConfigurationReference = E41D3ED613B38FB500A75A5D /* Project.xcconfig */;
			buildSettings = {
				ALWAYS_SEARCH_USER_PATHS = YES;
				ARCHS = "$(ARCHS_STANDARD_32_BIT)";
				CODE_SIGN_IDENTITY = "";
				"CODE_SIGN_IDENTITY[sdk=iphoneos*]" = "iPhone Developer";
				COMPRESS_PNG_FILES = NO;
				GCC_C_LANGUAGE_STANDARD = c99;
				GCC_DYNAMIC_NO_PIC = YES;
				GCC_GENERATE_DEBUGGING_SYMBOLS = NO;
				GCC_OPTIMIZATION_LEVEL = 3;
				GCC_SYMBOLS_PRIVATE_EXTERN = NO;
				GCC_THUMB_SUPPORT = NO;
				GCC_WARN_ABOUT_RETURN_TYPE = YES;
				GCC_WARN_UNUSED_VARIABLE = YES;
				HEADER_SEARCH_PATHS = (
					"$(OF_CORE_HEADERS)",
					src,
				);
				IPHONEOS_DEPLOYMENT_TARGET = 4.3;
				ONLY_ACTIVE_ARCH = NO;
				OTHER_CFLAGS = "";
				SDKROOT = iphoneos;
				TARGETED_DEVICE_FAMILY = 1;
				WARNING_LDFLAGS = "-no_arch_warnings";
			};
			name = Release;
		};
/* End XCBuildConfiguration section */

/* Begin XCConfigurationList section */
		1D6058960D05DD3E006BFB54 /* Build configuration list for PBXNativeTarget "example-orbitExample" */ = {
			isa = XCConfigurationList;
			buildConfigurations = (
				1D6058940D05DD3E006BFB54 /* Debug */,
				1D6058950D05DD3E006BFB54 /* Release */,
			);
			defaultConfigurationIsVisible = 0;
			defaultConfigurationName = Release;
		};
		C01FCF4E08A954540054247B /* Build configuration list for PBXProject "example-orbitExample" */ = {
			isa = XCConfigurationList;
			buildConfigurations = (
				C01FCF4F08A954540054247B /* Debug */,
				C01FCF5008A954540054247B /* Release */,
			);
			defaultConfigurationIsVisible = 0;
			defaultConfigurationName = Release;
		};
/* End XCConfigurationList section */
	};
	rootObject = 29B97313FDCFA39411CA2CEA /* Project object */;
}
